
Microsoft Visual Studio Solution File, Format Version 12.00
# Visual Studio 15
VisualStudioVersion = 15.0.28307.1267
MinimumVisualStudioVersion = 10.0.40219.1
Project("{FAE04EC0-301F-11D3-BF4B-00C04F79EFBC}") = "Labirinto", "Labirinto\Labirinto.csproj", "{002714B5-A109-47A9-A9C7-8405ED54CBE5}"
EndProject
Global
	GlobalSection(SolutionConfigurationPlatforms) = preSolution
		Debug|Any CPU = Debug|Any CPU
		Release|Any CPU = Release|Any CPU
	EndGlobalSection
	GlobalSection(ProjectConfigurationPlatforms) = postSolution
		{002714B5-A109-47A9-A9C7-8405ED54CBE5}.Debug|Any CPU.ActiveCfg = Debug|Any CPU
		{002714B5-A109-47A9-A9C7-8405ED54CBE5}.Debug|Any CPU.Build.0 = Debug|Any CPU
		{002714B5-A109-47A9-A9C7-8405ED54CBE5}.Release|Any CPU.ActiveCfg = Release|Any CPU
		{002714B5-A109-47A9-A9C7-8405ED54CBE5}.Release|Any CPU.Build.0 = Release|Any CPU
	EndGlobalSection
	GlobalSection(SolutionProperties) = preSolution
		HideSolutionNode = FALSE
	EndGlobalSection
	GlobalSection(ExtensibilityGlobals) = postSolution
		SolutionGuid = {C4E1EF01-0D47-4056-8BC5-26FB411EDB92}
	EndGlobalSection
EndGlobal
